{
  "nodes": {
    "garnix-lib": {
      "inputs": {
        "nixpkgs": "nixpkgs"
      },
      "locked": {
        "lastModified": 1746387091,
        "narHash": "sha256-YivN7BL4XkZIJpUTdDJRQpYX/JORVdbZTQbSnULgRnY=",
        "owner": "garnix-io",
        "repo": "garnix-lib",
        "rev": "4cc103317aef34dd99617ed9ff12c44d659d86d0",
        "type": "github"
      },
      "original": {
        "owner": "garnix-io",
        "repo": "garnix-lib",
        "type": "github"
      }
    },
    "nixpkgs": {
      "locked": {
        "lastModified": 1737569578,
        "narHash": "sha256-6qY0pk2QmUtBT9Mywdvif0i/CLVgpCjMUn6g9vB+f3M=",
        "owner": "NixOS",
        "repo": "nixpkgs",
        "rev": "47addd76727f42d351590c905d9d1905ca895b82",
        "type": "github"
      },
      "original": {
        "owner": "NixOS",
        "ref": "nixos-24.11",
        "repo": "nixpkgs",
        "type": "github"
      }
    },
    "nixpkgs_2": {
      "locked": {
        "lastModified": 1731603435,
        "narHash": "sha256-CqCX4JG7UiHvkrBTpYC3wcEurvbtTADLbo3Ns2CEoL8=",
        "owner": "NixOS",
        "repo": "nixpkgs",
        "rev": "8b27c1239e5c421a2bbc2c65d52e4a6fbf2ff296",
        "type": "github"
      },
      "original": {
        "owner": "NixOS",
        "ref": "24.11",
        "repo": "nixpkgs",
        "type": "github"
      }
    },
    "root": {
      "inputs": {
        "garnix-lib": "garnix-lib",
        "nixpkgs": "nixpkgs_2",
        "utils": "utils"
      }
    },
    "utils": {
      "locked": {
        "lastModified": 1667395993,
        "narHash": "sha256-nuEHfE/LcWyuSWnS8t12N1wc105Qtau+/OdUAjtQ0rA=",
        "owner": "numtide",
        "repo": "flake-utils",
        "rev": "5aed5285a952e0b949eb3ba02c12fa4fcfef535f",
        "type": "github"
      },
      "original": {
        "owner": "numtide",
        "repo": "flake-utils",
        "type": "github"
      }
    }
  },
  "root": "root",
  "version": 7
}
